
Microsoft Visual Studio Solution File, Format Version 12.00
# Visual Studio Version 17
VisualStudioVersion = 17.8.34525.116
MinimumVisualStudioVersion = 10.0.40219.1
Project("{FAE04EC0-301F-11D3-BF4B-00C04F79EFBC}") = "WebFileUploader.Server", "WebFileUploader.Server\WebFileUploader.Server.csproj", "{419D0B26-626D-4D26-8A9F-B14F5B7DF40A}"
EndProject
Project("{54A90642-561A-4BB1-A94E-469ADEE60C69}") = "webfileuploader.client", "webfileuploader.client\webfileuploader.client.esproj", "{10553A2F-6623-45C1-8D2A-F800E33C1B5A}"
EndProject
Global
	GlobalSection(SolutionConfigurationPlatforms) = preSolution
		Debug|Any CPU = Debug|Any CPU
		Release|Any CPU = Release|Any CPU
	EndGlobalSection
	GlobalSection(ProjectConfigurationPlatforms) = postSolution
		{419D0B26-626D-4D26-8A9F-B14F5B7DF40A}.Debug|Any CPU.ActiveCfg = Debug|Any CPU
		{419D0B26-626D-4D26-8A9F-B14F5B7DF40A}.Debug|Any CPU.Build.0 = Debug|Any CPU
		{419D0B26-626D-4D26-8A9F-B14F5B7DF40A}.Release|Any CPU.ActiveCfg = Release|Any CPU
		{419D0B26-626D-4D26-8A9F-B14F5B7DF40A}.Release|Any CPU.Build.0 = Release|Any CPU
		{10553A2F-6623-45C1-8D2A-F800E33C1B5A}.Debug|Any CPU.ActiveCfg = Debug|Any CPU
		{10553A2F-6623-45C1-8D2A-F800E33C1B5A}.Debug|Any CPU.Build.0 = Debug|Any CPU
		{10553A2F-6623-45C1-8D2A-F800E33C1B5A}.Debug|Any CPU.Deploy.0 = Debug|Any CPU
		{10553A2F-6623-45C1-8D2A-F800E33C1B5A}.Release|Any CPU.ActiveCfg = Release|Any CPU
		{10553A2F-6623-45C1-8D2A-F800E33C1B5A}.Release|Any CPU.Build.0 = Release|Any CPU
		{10553A2F-6623-45C1-8D2A-F800E33C1B5A}.Release|Any CPU.Deploy.0 = Release|Any CPU
	EndGlobalSection
	GlobalSection(SolutionProperties) = preSolution
		HideSolutionNode = FALSE
	EndGlobalSection
	GlobalSection(ExtensibilityGlobals) = postSolution
		SolutionGuid = {3A4E73D2-0EFA-4EA2-B48F-1481561353ED}
	EndGlobalSection
EndGlobal
